
Microsoft Visual Studio Solution File, Format Version 12.00
# Visual Studio 15
VisualStudioVersion = 15.0.28010.0
MinimumVisualStudioVersion = 10.0.40219.1
Project("{9A19103F-16F7-4668-BE54-9A1E7A4F7556}") = "ClassLibrary1", "ClassLibrary1\ClassLibrary1.csproj", "{3D37D0E9-65BF-4CF0-8DF6-5ECA7FDEE65B}"
EndProject
Project("{9A19103F-16F7-4668-BE54-9A1E7A4F7556}") = "ClassLibrary2", "ClassLibrary2\ClassLibrary2.csproj", "{DC4ED31A-21FA-4884-B85A-61265D540DC2}"
EndProject
Project("{9A19103F-16F7-4668-BE54-9A1E7A4F7556}") = "AggregateLibrary", "AggregateLibrary\AggregateLibrary.csproj", "{DF8179B3-84F9-4B05-ACB7-AEEB708B5AD7}"
EndProject
Project("{9A19103F-16F7-4668-BE54-9A1E7A4F7556}") = "ReferencingLibrary", "ReferencingLibrary\ReferencingLibrary.csproj", "{768C2027-45AF-4C06-880F-7E17AB0D614D}"
EndProject
Project("{9A19103F-16F7-4668-BE54-9A1E7A4F7556}") = "AggregatePackage.NuGet.UnitTests", "AggregatePackage.NuGet.UnitTests\AggregatePackage.NuGet.UnitTests.csproj", "{FAD30927-3789-4AC7-9B04-7BA84AF8BD99}"
EndProject
Project("{9A19103F-16F7-4668-BE54-9A1E7A4F7556}") = "NonEmbeddedLibrary", "NonEmbeddedLibrary\NonEmbeddedLibrary.csproj", "{8700797A-31CE-4AD1-9C47-E4D63388E984}"
EndProject
Global
	GlobalSection(SolutionConfigurationPlatforms) = preSolution
		Debug|Any CPU = Debug|Any CPU
		Release|Any CPU = Release|Any CPU
	EndGlobalSection
	GlobalSection(ProjectConfigurationPlatforms) = postSolution
		{3D37D0E9-65BF-4CF0-8DF6-5ECA7FDEE65B}.Debug|Any CPU.ActiveCfg = Debug|Any CPU
		{3D37D0E9-65BF-4CF0-8DF6-5ECA7FDEE65B}.Debug|Any CPU.Build.0 = Debug|Any CPU
		{3D37D0E9-65BF-4CF0-8DF6-5ECA7FDEE65B}.Release|Any CPU.ActiveCfg = Release|Any CPU
		{3D37D0E9-65BF-4CF0-8DF6-5ECA7FDEE65B}.Release|Any CPU.Build.0 = Release|Any CPU
		{DC4ED31A-21FA-4884-B85A-61265D540DC2}.Debug|Any CPU.ActiveCfg = Debug|Any CPU
		{DC4ED31A-21FA-4884-B85A-61265D540DC2}.Debug|Any CPU.Build.0 = Debug|Any CPU
		{DC4ED31A-21FA-4884-B85A-61265D540DC2}.Release|Any CPU.ActiveCfg = Release|Any CPU
		{DC4ED31A-21FA-4884-B85A-61265D540DC2}.Release|Any CPU.Build.0 = Release|Any CPU
		{DF8179B3-84F9-4B05-ACB7-AEEB708B5AD7}.Debug|Any CPU.ActiveCfg = Debug|Any CPU
		{DF8179B3-84F9-4B05-ACB7-AEEB708B5AD7}.Debug|Any CPU.Build.0 = Debug|Any CPU
		{DF8179B3-84F9-4B05-ACB7-AEEB708B5AD7}.Release|Any CPU.ActiveCfg = Release|Any CPU
		{DF8179B3-84F9-4B05-ACB7-AEEB708B5AD7}.Release|Any CPU.Build.0 = Release|Any CPU
		{768C2027-45AF-4C06-880F-7E17AB0D614D}.Debug|Any CPU.ActiveCfg = Debug|Any CPU
		{768C2027-45AF-4C06-880F-7E17AB0D614D}.Debug|Any CPU.Build.0 = Debug|Any CPU
		{768C2027-45AF-4C06-880F-7E17AB0D614D}.Release|Any CPU.ActiveCfg = Release|Any CPU
		{768C2027-45AF-4C06-880F-7E17AB0D614D}.Release|Any CPU.Build.0 = Release|Any CPU
		{FAD30927-3789-4AC7-9B04-7BA84AF8BD99}.Debug|Any CPU.ActiveCfg = Debug|Any CPU
		{FAD30927-3789-4AC7-9B04-7BA84AF8BD99}.Debug|Any CPU.Build.0 = Debug|Any CPU
		{FAD30927-3789-4AC7-9B04-7BA84AF8BD99}.Release|Any CPU.ActiveCfg = Release|Any CPU
		{FAD30927-3789-4AC7-9B04-7BA84AF8BD99}.Release|Any CPU.Build.0 = Release|Any CPU
		{8700797A-31CE-4AD1-9C47-E4D63388E984}.Debug|Any CPU.ActiveCfg = Debug|Any CPU
		{8700797A-31CE-4AD1-9C47-E4D63388E984}.Debug|Any CPU.Build.0 = Debug|Any CPU
		{8700797A-31CE-4AD1-9C47-E4D63388E984}.Release|Any CPU.ActiveCfg = Release|Any CPU
		{8700797A-31CE-4AD1-9C47-E4D63388E984}.Release|Any CPU.Build.0 = Release|Any CPU
	EndGlobalSection
	GlobalSection(SolutionProperties) = preSolution
		HideSolutionNode = FALSE
	EndGlobalSection
	GlobalSection(ExtensibilityGlobals) = postSolution
		SolutionGuid = {D408F124-CCB9-4284-B95F-7BF56206EA0B}
	EndGlobalSection
EndGlobal
